
Microsoft Visual Studio Solution File, Format Version 12.00
# Visual Studio 15
VisualStudioVersion = 15.0.27428.2043
MinimumVisualStudioVersion = 10.0.40219.1
Project("{FAE04EC0-301F-11D3-BF4B-00C04F79EFBC}") = "ATMWinForm", "ATMWinForm\ATMWinForm.csproj", "{701FE73C-F7FE-470D-8F14-A000BA77A68E}"
EndProject
Global
	GlobalSection(SolutionConfigurationPlatforms) = preSolution
		Debug|Any CPU = Debug|Any CPU
		Release|Any CPU = Release|Any CPU
	EndGlobalSection
	GlobalSection(ProjectConfigurationPlatforms) = postSolution
		{701FE73C-F7FE-470D-8F14-A000BA77A68E}.Debug|Any CPU.ActiveCfg = Debug|Any CPU
		{701FE73C-F7FE-470D-8F14-A000BA77A68E}.Debug|Any CPU.Build.0 = Debug|Any CPU
		{701FE73C-F7FE-470D-8F14-A000BA77A68E}.Release|Any CPU.ActiveCfg = Release|Any CPU
		{701FE73C-F7FE-470D-8F14-A000BA77A68E}.Release|Any CPU.Build.0 = Release|Any CPU
	EndGlobalSection
	GlobalSection(SolutionProperties) = preSolution
		HideSolutionNode = FALSE
	EndGlobalSection
	GlobalSection(ExtensibilityGlobals) = postSolution
		SolutionGuid = {F05FFEF3-ACA8-469C-AD71-01486C856D3A}
	EndGlobalSection
EndGlobal
